
Microsoft Visual Studio Solution File, Format Version 12.00
# Visual Studio Version 16
VisualStudioVersion = 16.0.31624.102
MinimumVisualStudioVersion = 10.0.40219.1
Project("{FAE04EC0-301F-11D3-BF4B-00C04F79EFBC}") = "LR7_ASP", "LR7_ASP\LR7_ASP.csproj", "{3EF74DD9-7FFC-4564-A2C6-08DF2B4E6BFD}"
EndProject
Global
	GlobalSection(SolutionConfigurationPlatforms) = preSolution
		Debug|Any CPU = Debug|Any CPU
		Release|Any CPU = Release|Any CPU
	EndGlobalSection
	GlobalSection(ProjectConfigurationPlatforms) = postSolution
		{3EF74DD9-7FFC-4564-A2C6-08DF2B4E6BFD}.Debug|Any CPU.ActiveCfg = Debug|Any CPU
		{3EF74DD9-7FFC-4564-A2C6-08DF2B4E6BFD}.Debug|Any CPU.Build.0 = Debug|Any CPU
		{3EF74DD9-7FFC-4564-A2C6-08DF2B4E6BFD}.Release|Any CPU.ActiveCfg = Release|Any CPU
		{3EF74DD9-7FFC-4564-A2C6-08DF2B4E6BFD}.Release|Any CPU.Build.0 = Release|Any CPU
	EndGlobalSection
	GlobalSection(SolutionProperties) = preSolution
		HideSolutionNode = FALSE
	EndGlobalSection
	GlobalSection(ExtensibilityGlobals) = postSolution
		SolutionGuid = {F7B149AB-BA55-4BD8-BC0D-8E2CEF073D7B}
	EndGlobalSection
EndGlobal
